PODS:
  - YuntongxunIM (0.1.0):
    - YuntongxunIM/YuntongxunIMKit (= 0.1.0)
    - YuntongxunIM/YuntongxunIMLibCore (= 0.1.0)
  - YuntongxunIM/YuntongxunIMKit (0.1.0):
    - YuntongxunIM/YuntongxunIMLibCore
  - YuntongxunIM/YuntongxunIMLibCore (0.1.0)

DEPENDENCIES:
  - YuntongxunIM (from `../`)

EXTERNAL SOURCES:
  YuntongxunIM:
    :path: "../"

SPEC CHECKSUMS:
  YuntongxunIM: 7da10044ef6474d817fcff6b7709b6fa2eda4b7d

PODFILE CHECKSUM: a1c867383f9d7f957f9d387493b9b797152e94b7

COCOAPODS: 1.10.2
